
Microsoft Visual Studio Solution File, Format Version 12.00
# Visual Studio Version 17
VisualStudioVersion = 17.1.32328.378
MinimumVisualStudioVersion = 10.0.40219.1
Project("{FAE04EC0-301F-11D3-BF4B-00C04F79EFBC}") = "Lecture_3_Producer_Consumer", "Lecture_3_Producer_Consumer\Lecture_3_Producer_Consumer.csproj", "{FF7E7F58-F42C-4062-A811-E04D9C88D430}"
EndProject
Global
	GlobalSection(SolutionConfigurationPlatforms) = preSolution
		Debug|Any CPU = Debug|Any CPU
		Release|Any CPU = Release|Any CPU
	EndGlobalSection
	GlobalSection(ProjectConfigurationPlatforms) = postSolution
		{FF7E7F58-F42C-4062-A811-E04D9C88D430}.Debug|Any CPU.ActiveCfg = Debug|Any CPU
		{FF7E7F58-F42C-4062-A811-E04D9C88D430}.Debug|Any CPU.Build.0 = Debug|Any CPU
		{FF7E7F58-F42C-4062-A811-E04D9C88D430}.Release|Any CPU.ActiveCfg = Release|Any CPU
		{FF7E7F58-F42C-4062-A811-E04D9C88D430}.Release|Any CPU.Build.0 = Release|Any CPU
	EndGlobalSection
	GlobalSection(SolutionProperties) = preSolution
		HideSolutionNode = FALSE
	EndGlobalSection
	GlobalSection(ExtensibilityGlobals) = postSolution
		SolutionGuid = {CA871835-41EF-4B32-8581-2102DBC8DCBD}
	EndGlobalSection
EndGlobal
